
Microsoft Visual Studio Solution File, Format Version 12.00
# Visual Studio Version 16
VisualStudioVersion = 16.0.29424.173
MinimumVisualStudioVersion = 10.0.40219.1
Project("{FAE04EC0-301F-11D3-BF4B-00C04F79EFBC}") = "Test.Observer.Weather", "Test.Observer.Weather\Test.Observer.Weather.csproj", "{D7973A29-092F-4860-BCD7-3EACE26B6DD1}"
EndProject
Project("{FAE04EC0-301F-11D3-BF4B-00C04F79EFBC}") = "Observer.Weather", "Observer.Weather\Observer.Weather.csproj", "{96721691-4F6F-4126-9A8B-FDDC2F592124}"
EndProject
Global
	GlobalSection(SolutionConfigurationPlatforms) = preSolution
		Debug|Any CPU = Debug|Any CPU
		Release|Any CPU = Release|Any CPU
	EndGlobalSection
	GlobalSection(ProjectConfigurationPlatforms) = postSolution
		{D7973A29-092F-4860-BCD7-3EACE26B6DD1}.Debug|Any CPU.ActiveCfg = Debug|Any CPU
		{D7973A29-092F-4860-BCD7-3EACE26B6DD1}.Debug|Any CPU.Build.0 = Debug|Any CPU
		{D7973A29-092F-4860-BCD7-3EACE26B6DD1}.Release|Any CPU.ActiveCfg = Release|Any CPU
		{D7973A29-092F-4860-BCD7-3EACE26B6DD1}.Release|Any CPU.Build.0 = Release|Any CPU
		{96721691-4F6F-4126-9A8B-FDDC2F592124}.Debug|Any CPU.ActiveCfg = Debug|Any CPU
		{96721691-4F6F-4126-9A8B-FDDC2F592124}.Debug|Any CPU.Build.0 = Debug|Any CPU
		{96721691-4F6F-4126-9A8B-FDDC2F592124}.Release|Any CPU.ActiveCfg = Release|Any CPU
		{96721691-4F6F-4126-9A8B-FDDC2F592124}.Release|Any CPU.Build.0 = Release|Any CPU
	EndGlobalSection
	GlobalSection(SolutionProperties) = preSolution
		HideSolutionNode = FALSE
	EndGlobalSection
	GlobalSection(ExtensibilityGlobals) = postSolution
		SolutionGuid = {234EC852-7A7C-4E75-AC99-D6A2B5637B7A}
	EndGlobalSection
EndGlobal
